{
  "object": {
    "pins": [
      {
        "package": "CocoaAsyncSocket",
        "repositoryURL": "https://github.com/robbiehanson/CocoaAsyncSocket",
        "state": {
          "branch": null,
          "revision": "dbdc00669c1ced63b27c3c5f052ee4d28f10150c",
          "version": "7.6.5"
        }
      },
      {
        "package": "SwiftyUserDefaults",
        "repositoryURL": "https://github.com/sunshinejr/SwiftyUserDefaults.git",
        "state": {
          "branch": null,
          "revision": "28c8805314e67683f727c3376e69cbd4b8b590bb",
          "version": "5.1.0"
        }
      },
      {
        "package": "XCGLogger",
        "repositoryURL": "https://github.com/DaveWoodCom/XCGLogger.git",
        "state": {
          "branch": null,
          "revision": "a9c4667b247928a29bdd41be2ec2c8d304215a54",
          "version": "7.0.1"
        }
      },
      {
        "package": "xClientIos",
        "repositoryURL": "https://github.com/K3TZR/xClientIos.git",
        "state": {
          "branch": null,
          "revision": "e388a49c029ac8ca06ce1ae20f07835140a97bcf",
          "version": "0.9.5"
        }
      },
      {
        "package": "xLib6000",
        "repositoryURL": "https://github.com/K3TZR/xLib6000.git",
        "state": {
          "branch": null,
          "revision": "3c4eb420e3c42b25dcd47c719ef3e8e323068d8f",
          "version": "1.6.11"
        }
      }
    ]
  },
  "version": 1
}
